
Microsoft Visual Studio Solution File, Format Version 11.00
# Visual Studio 2010
Project("{E24C65DC-7377-472B-9ABA-BC803B73C61A}") = "songviet_source", "songviet_source\", "{73464411-142B-4941-99EB-9951D48A8FB0}"
	ProjectSection(WebsiteProperties) = preProject
		TargetFrameworkMoniker = ".NETFramework,Version%3Dv3.5"
		Debug.AspNetCompiler.VirtualPath = "/songviet_source"
		Debug.AspNetCompiler.PhysicalPath = "songviet_source\"
		Debug.AspNetCompiler.TargetPath = "PrecompiledWeb\songviet_source\"
		Debug.AspNetCompiler.Updateable = "true"
		Debug.AspNetCompiler.ForceOverwrite = "true"
		Debug.AspNetCompiler.FixedNames = "false"
		Debug.AspNetCompiler.Debug = "True"
		Release.AspNetCompiler.VirtualPath = "/songviet_source"
		Release.AspNetCompiler.PhysicalPath = "songviet_source\"
		Release.AspNetCompiler.TargetPath = "PrecompiledWeb\songviet_source\"
		Release.AspNetCompiler.Updateable = "true"
		Release.AspNetCompiler.ForceOverwrite = "true"
		Release.AspNetCompiler.FixedNames = "false"
		Release.AspNetCompiler.Debug = "False"
		VWDPort = "7670"
	EndProjectSection
EndProject
Global
	GlobalSection(SolutionConfigurationPlatforms) = preSolution
		Debug|Any CPU = Debug|Any CPU
	EndGlobalSection
	GlobalSection(ProjectConfigurationPlatforms) = postSolution
		{73464411-142B-4941-99EB-9951D48A8FB0}.Debug|Any CPU.ActiveCfg = Debug|Any CPU
		{73464411-142B-4941-99EB-9951D48A8FB0}.Debug|Any CPU.Build.0 = Debug|Any CPU
	EndGlobalSection
	GlobalSection(SolutionProperties) = preSolution
		HideSolutionNode = FALSE
	EndGlobalSection
EndGlobal
